
Microsoft Visual Studio Solution File, Format Version 12.00
# Visual Studio Version 17
VisualStudioVersion = 17.13.35931.197 d17.13
MinimumVisualStudioVersion = 10.0.40219.1
Project("{FAE04EC0-301F-11D3-BF4B-00C04F79EFBC}") = "JitPatcher", "JitPatcher.csproj", "{A7D4D4D5-F8C0-4BA0-A978-3091F310E810}"
EndProject
Project("{FAE04EC0-301F-11D3-BF4B-00C04F79EFBC}") = "dnlib", "Library\dnlib\src\dnlib.csproj", "{9122F555-8F6B-B7B6-9924-5C2FC82A6979}"
EndProject
Global
	GlobalSection(SolutionConfigurationPlatforms) = preSolution
		Debug|Any CPU = Debug|Any CPU
		Release|Any CPU = Release|Any CPU
	EndGlobalSection
	GlobalSection(ProjectConfigurationPlatforms) = postSolution
		{A7D4D4D5-F8C0-4BA0-A978-3091F310E810}.Debug|Any CPU.ActiveCfg = Debug|Any CPU
		{A7D4D4D5-F8C0-4BA0-A978-3091F310E810}.Debug|Any CPU.Build.0 = Debug|Any CPU
		{A7D4D4D5-F8C0-4BA0-A978-3091F310E810}.Release|Any CPU.ActiveCfg = Release|Any CPU
		{A7D4D4D5-F8C0-4BA0-A978-3091F310E810}.Release|Any CPU.Build.0 = Release|Any CPU
		{9122F555-8F6B-B7B6-9924-5C2FC82A6979}.Debug|Any CPU.ActiveCfg = Debug|Any CPU
		{9122F555-8F6B-B7B6-9924-5C2FC82A6979}.Debug|Any CPU.Build.0 = Debug|Any CPU
		{9122F555-8F6B-B7B6-9924-5C2FC82A6979}.Release|Any CPU.ActiveCfg = Release|Any CPU
		{9122F555-8F6B-B7B6-9924-5C2FC82A6979}.Release|Any CPU.Build.0 = Release|Any CPU
	EndGlobalSection
	GlobalSection(SolutionProperties) = preSolution
		HideSolutionNode = FALSE
	EndGlobalSection
	GlobalSection(ExtensibilityGlobals) = postSolution
		SolutionGuid = {8B040E8C-6EF4-4FDE-A32F-095CD9A52B18}
	EndGlobalSection
EndGlobal
